
Microsoft Visual Studio Solution File, Format Version 12.00
Project("{FAE04EC0-301F-11D3-BF4B-00C04F79EFBC}") = "EditorApi", "EditorApi\EditorApi.csproj", "{433C474B-CAEB-4FB1-82E7-DCD891FECE20}"
EndProject
Global
	GlobalSection(SolutionConfigurationPlatforms) = preSolution
		Debug|Any CPU = Debug|Any CPU
		Release|Any CPU = Release|Any CPU
	EndGlobalSection
	GlobalSection(ProjectConfigurationPlatforms) = postSolution
		{433C474B-CAEB-4FB1-82E7-DCD891FECE20}.Debug|Any CPU.ActiveCfg = Debug|Any CPU
		{433C474B-CAEB-4FB1-82E7-DCD891FECE20}.Debug|Any CPU.Build.0 = Debug|Any CPU
		{433C474B-CAEB-4FB1-82E7-DCD891FECE20}.Release|Any CPU.ActiveCfg = Release|Any CPU
		{433C474B-CAEB-4FB1-82E7-DCD891FECE20}.Release|Any CPU.Build.0 = Release|Any CPU
	EndGlobalSection
EndGlobal
